<Solution>
  <Folder Name="/samples/">
    <Project Path="samples/EricksonLopez.Result.AspNetCore.Sample/EricksonLopez.Result.AspNetCore.Sample.csproj" />
    <Project Path="samples/EricksonLopez.Result.FluentValidation.Sample/EricksonLopez.Result.FluentValidation.Sample.csproj" />
    <Project Path="samples/EricksonLopez.Result.MediatR.Sample/EricksonLopez.Result.MediatR.Sample.csproj" />
    <Project Path="samples/EricksonLopez.Result.OpenTelemetry.Sample/EricksonLopez.Result.OpenTelemetry.Sample.csproj" />
    <Project Path="samples/EricksonLopez.Result.Sample/EricksonLopez.Result.Sample.csproj" />
    <Project Path="samples/EricksonLopez.Result.Serialization.Sample/EricksonLopez.Result.Serialization.Sample.csproj" />
  </Folder>
  <Folder Name="/src/">
    <Project Path="src/EricksonLopez.Result.Analyzers/EricksonLopez.Result.Analyzers.csproj" />
    <Project Path="src/EricksonLopez.Result.AspNetCore/EricksonLopez.Result.AspNetCore.csproj" />
    <Project Path="src/EricksonLopez.Result.FluentValidation/EricksonLopez.Result.FluentValidation.csproj" />
    <Project Path="src/EricksonLopez.Result.Generic/EricksonLopez.Result.Generic.csproj" />
    <Project Path="src/EricksonLopez.Result.Maybe/EricksonLopez.Result.Maybe.csproj" />
    <Project Path="src/EricksonLopez.Result.MediatR/EricksonLopez.Result.MediatR.csproj" />
    <Project Path="src/EricksonLopez.Result.OpenTelemetry/EricksonLopez.Result.OpenTelemetry.csproj" />
    <Project Path="src/EricksonLopez.Result.Serialization/EricksonLopez.Result.Serialization.csproj" />
    <Project Path="src/EricksonLopez.Result.Serialization.Generators/EricksonLopez.Result.Serialization.Generators.csproj" />
    <Project Path="src/EricksonLopez.Result.OpenApi/EricksonLopez.Result.OpenApi.csproj" />
    <Project Path="src/EricksonLopez.Result.Testing/EricksonLopez.Result.Testing.csproj" />
    <Project Path="src/EricksonLopez.Result.Testing.NUnit/EricksonLopez.Result.Testing.NUnit.csproj" />
    <Project Path="src/EricksonLopez.Result.Testing.XUnit/EricksonLopez.Result.Testing.XUnit.csproj" />
    <Project Path="src/EricksonLopez.Result/EricksonLopez.Result.csproj" />
  </Folder>
  <Folder Name="/tests/">
    <Project Path="tests/EricksonLopez.Result.Analyzers.Tests/EricksonLopez.Result.Analyzers.Tests.csproj" />
    <Project Path="tests/EricksonLopez.Result.AspNetCore.Tests/EricksonLopez.Result.AspNetCore.Tests.csproj" />
    <Project Path="tests/EricksonLopez.Result.FluentValidation.Tests/EricksonLopez.Result.FluentValidation.Tests.csproj" />
    <Project Path="tests/EricksonLopez.Result.Generic.Tests/EricksonLopez.Result.Generic.Tests.csproj" />
    <Project Path="tests/EricksonLopez.Result.Maybe.Tests/EricksonLopez.Result.Maybe.Tests.csproj" />
    <Project Path="tests/EricksonLopez.Result.MediatR.Tests/EricksonLopez.Result.MediatR.Tests.csproj" />
    <Project Path="tests/EricksonLopez.Result.OpenApi.Tests/EricksonLopez.Result.OpenApi.Tests.csproj" />
    <Project Path="tests/EricksonLopez.Result.OpenTelemetry.Tests/EricksonLopez.Result.OpenTelemetry.Tests.csproj" />
    <Project Path="tests/EricksonLopez.Result.Serialization.Generators.Tests/EricksonLopez.Result.Serialization.Generators.Tests.csproj" />
    <Project Path="tests/EricksonLopez.Result.Serialization.Tests/EricksonLopez.Result.Serialization.Tests.csproj" />
    <Project Path="tests/EricksonLopez.Result.Testing.NUnit.Tests/EricksonLopez.Result.Testing.NUnit.Tests.csproj" />
    <Project Path="tests/EricksonLopez.Result.Testing.Tests/EricksonLopez.Result.Testing.Tests.csproj" />
    <Project Path="tests/EricksonLopez.Result.Testing.XUnit.Tests/EricksonLopez.Result.Testing.XUnit.Tests.csproj" />
    <Project Path="tests/EricksonLopez.Result.Tests/EricksonLopez.Result.Tests.csproj" />
    <Project Path="tests/EricksonLopez.Result.AotSmokeTest/EricksonLopez.Result.AotSmokeTest.csproj" />
  </Folder>
  <Folder Name="/benchmarks/">
    <Project Path="benchmarks/EricksonLopez.Result.Benchmarks/EricksonLopez.Result.Benchmarks.csproj" />
  </Folder>
</Solution>
